
Microsoft Visual Studio Solution File, Format Version 12.00
# Visual Studio Version 17
VisualStudioVersion = 17.9.34622.214
MinimumVisualStudioVersion = 10.0.40219.1
Project("{2150E333-8FDC-42A3-9474-1A3956D46DE8}") = "root", "root", "{97A03B7C-6C68-4251-845B-A6412376260B}"
	ProjectSection(SolutionItems) = preProject
		.editorconfig = .editorconfig
		.gitattributes = .gitattributes
		.gitignore = .gitignore
	EndProjectSection
EndProject
Project("{9A19103F-16F7-4668-BE54-9A1E7A4F7556}") = "SkillPrestige", "SkillPrestige\SkillPrestige.csproj", "{51F035C9-0E81-4F27-9B5D-1A4C61FAEB88}"
EndProject
Project("{9A19103F-16F7-4668-BE54-9A1E7A4F7556}") = "SkillPrestige.LuckSkill", "SkillPrestigeAdapter\SkillPrestige.LuckSkill\SkillPrestige.LuckSkill.csproj", "{666F2E76-D376-4DEB-9656-BD847B23E91E}"
EndProject
Project("{9A19103F-16F7-4668-BE54-9A1E7A4F7556}") = "UnitTests", "UnitTests\UnitTests.csproj", "{A8401C62-2051-4C3C-B97B-5281EBB04753}"
EndProject
Project("{9A19103F-16F7-4668-BE54-9A1E7A4F7556}") = "SkillPrestige.Yacs", "SkillPrestigeAdapter\SkillPrestige.Yacs\SkillPrestige.Yacs.csproj", "{7915B95A-604B-408E-8A37-218267739375}"
EndProject
Project("{9A19103F-16F7-4668-BE54-9A1E7A4F7556}") = "SkillPrestige.Archaeology", "SkillPrestigeAdapter\SkillPrestige.Archaeolegy\SkillPrestige.Archaeology.csproj", "{77450878-EC27-4721-B732-6158D85F7163}"
EndProject
Project("{9A19103F-16F7-4668-BE54-9A1E7A4F7556}") = "SkillPrestige.Binning", "SkillPrestigeAdapter\SkillPrestige.Binning\SkillPrestige.Binning.csproj", "{F339BC67-D9C3-49E3-B9EE-D6258E2F1EA1}"
EndProject
Project("{9A19103F-16F7-4668-BE54-9A1E7A4F7556}") = "SkillPrestige.Luck_moonslime", "SkillPrestigeAdapter\SkillPrestige.Luck\SkillPrestige.Luck_moonslime.csproj", "{BB289016-0D5E-445E-82DB-59938FFC75F0}"
EndProject
Project("{9A19103F-16F7-4668-BE54-9A1E7A4F7556}") = "SkillPrestige.SnSPaladin", "SkillPrestigeAdapter\SkillPrestige.SnSPaladin\SkillPrestige.SnSPaladin.csproj", "{D8EE7449-1931-4980-8EC0-F02800276C3D}"
EndProject
Project("{9A19103F-16F7-4668-BE54-9A1E7A4F7556}") = "SkillPrestige.SnSBard", "SkillPrestigeAdapter\SkillPrestige.SnSBard\SkillPrestige.SnSBard.csproj", "{B9BC4511-C781-4E58-BA92-82E9996D2DC4}"
EndProject
Project("{9A19103F-16F7-4668-BE54-9A1E7A4F7556}") = "SkillPrestige.SnSDruid", "SkillPrestigeAdapter\SkillPrestige.SnSDruid\SkillPrestige.SnSDruid.csproj", "{2CA3C4E4-3330-4512-B1B5-56691C6A9A30}"
EndProject
Project("{9A19103F-16F7-4668-BE54-9A1E7A4F7556}") = "SkillPrestige.SnSRogue", "SkillPrestigeAdapter\SkillPrestige.SnSRogue\SkillPrestige.SnSRogue.csproj", "{92440D7B-8C98-48FC-AE48-A678D46DD086}"
EndProject
Project("{9A19103F-16F7-4668-BE54-9A1E7A4F7556}") = "SkillPrestige.SnSWitchcraft", "SkillPrestigeAdapter\SkillPrestige.SnSWitchcraft\SkillPrestige.SnSWitchcraft.csproj", "{A58E960E-F962-4383-912B-1A5BCD5974A3}"
EndProject
Project("{9A19103F-16F7-4668-BE54-9A1E7A4F7556}") = "SkillPrestige.Socializing", "SkillPrestigeAdapter\SkillPrestige.Socializing\SkillPrestige.Socializing.csproj", "{4FD18B5F-F129-4262-856A-963F945807D2}"
EndProject
Project("{9A19103F-16F7-4668-BE54-9A1E7A4F7556}") = "SkillPrestige.Spooky", "SkillPrestigeAdapter\SkillPrestige.Spooky\SkillPrestige.Spooky.csproj", "{45E5DF75-967C-474C-BD5D-BC5998979D23}"
EndProject
Project("{9A19103F-16F7-4668-BE54-9A1E7A4F7556}") = "SkillPrestige.Travelling", "SkillPrestigeAdapter\SkillPrestige.Travelling\SkillPrestige.Travelling.csproj", "{ED567822-2ED9-474C-B9E7-87DA136B027E}"
EndProject
Project("{9A19103F-16F7-4668-BE54-9A1E7A4F7556}") = "SkillPrestige.Wizardry", "SkillPrestigeAdapter\SkillPrestige.Witchcraft\SkillPrestige.Wizardry.csproj", "{231405D4-E372-47FE-9311-3BF385CAE74A}"
EndProject
Global
	GlobalSection(SolutionConfigurationPlatforms) = preSolution
		Debug|Any CPU = Debug|Any CPU
		Release|Any CPU = Release|Any CPU
	EndGlobalSection
	GlobalSection(ProjectConfigurationPlatforms) = postSolution
		{51F035C9-0E81-4F27-9B5D-1A4C61FAEB88}.Debug|Any CPU.ActiveCfg = Debug|Any CPU
		{51F035C9-0E81-4F27-9B5D-1A4C61FAEB88}.Debug|Any CPU.Build.0 = Debug|Any CPU
		{51F035C9-0E81-4F27-9B5D-1A4C61FAEB88}.Release|Any CPU.ActiveCfg = Release|Any CPU
		{51F035C9-0E81-4F27-9B5D-1A4C61FAEB88}.Release|Any CPU.Build.0 = Release|Any CPU
		{666F2E76-D376-4DEB-9656-BD847B23E91E}.Debug|Any CPU.ActiveCfg = Debug|Any CPU
		{666F2E76-D376-4DEB-9656-BD847B23E91E}.Debug|Any CPU.Build.0 = Debug|Any CPU
		{666F2E76-D376-4DEB-9656-BD847B23E91E}.Release|Any CPU.ActiveCfg = Release|Any CPU
		{666F2E76-D376-4DEB-9656-BD847B23E91E}.Release|Any CPU.Build.0 = Release|Any CPU
		{A8401C62-2051-4C3C-B97B-5281EBB04753}.Debug|Any CPU.ActiveCfg = Debug|Any CPU
		{A8401C62-2051-4C3C-B97B-5281EBB04753}.Debug|Any CPU.Build.0 = Debug|Any CPU
		{A8401C62-2051-4C3C-B97B-5281EBB04753}.Release|Any CPU.ActiveCfg = Release|Any CPU
		{A8401C62-2051-4C3C-B97B-5281EBB04753}.Release|Any CPU.Build.0 = Release|Any CPU
		{7915B95A-604B-408E-8A37-218267739375}.Debug|Any CPU.ActiveCfg = Debug|Any CPU
		{7915B95A-604B-408E-8A37-218267739375}.Debug|Any CPU.Build.0 = Debug|Any CPU
		{7915B95A-604B-408E-8A37-218267739375}.Release|Any CPU.ActiveCfg = Release|Any CPU
		{7915B95A-604B-408E-8A37-218267739375}.Release|Any CPU.Build.0 = Release|Any CPU
		{77450878-EC27-4721-B732-6158D85F7163}.Debug|Any CPU.ActiveCfg = Debug|Any CPU
		{77450878-EC27-4721-B732-6158D85F7163}.Debug|Any CPU.Build.0 = Debug|Any CPU
		{77450878-EC27-4721-B732-6158D85F7163}.Release|Any CPU.ActiveCfg = Release|Any CPU
		{77450878-EC27-4721-B732-6158D85F7163}.Release|Any CPU.Build.0 = Release|Any CPU
		{F339BC67-D9C3-49E3-B9EE-D6258E2F1EA1}.Debug|Any CPU.ActiveCfg = Debug|Any CPU
		{F339BC67-D9C3-49E3-B9EE-D6258E2F1EA1}.Debug|Any CPU.Build.0 = Debug|Any CPU
		{F339BC67-D9C3-49E3-B9EE-D6258E2F1EA1}.Release|Any CPU.ActiveCfg = Release|Any CPU
		{F339BC67-D9C3-49E3-B9EE-D6258E2F1EA1}.Release|Any CPU.Build.0 = Release|Any CPU
		{BB289016-0D5E-445E-82DB-59938FFC75F0}.Debug|Any CPU.ActiveCfg = Debug|Any CPU
		{BB289016-0D5E-445E-82DB-59938FFC75F0}.Debug|Any CPU.Build.0 = Debug|Any CPU
		{BB289016-0D5E-445E-82DB-59938FFC75F0}.Release|Any CPU.ActiveCfg = Release|Any CPU
		{BB289016-0D5E-445E-82DB-59938FFC75F0}.Release|Any CPU.Build.0 = Release|Any CPU
		{D8EE7449-1931-4980-8EC0-F02800276C3D}.Debug|Any CPU.ActiveCfg = Debug|Any CPU
		{D8EE7449-1931-4980-8EC0-F02800276C3D}.Debug|Any CPU.Build.0 = Debug|Any CPU
		{D8EE7449-1931-4980-8EC0-F02800276C3D}.Release|Any CPU.ActiveCfg = Release|Any CPU
		{D8EE7449-1931-4980-8EC0-F02800276C3D}.Release|Any CPU.Build.0 = Release|Any CPU
		{B9BC4511-C781-4E58-BA92-82E9996D2DC4}.Debug|Any CPU.ActiveCfg = Debug|Any CPU
		{B9BC4511-C781-4E58-BA92-82E9996D2DC4}.Debug|Any CPU.Build.0 = Debug|Any CPU
		{B9BC4511-C781-4E58-BA92-82E9996D2DC4}.Release|Any CPU.ActiveCfg = Release|Any CPU
		{B9BC4511-C781-4E58-BA92-82E9996D2DC4}.Release|Any CPU.Build.0 = Release|Any CPU
		{2CA3C4E4-3330-4512-B1B5-56691C6A9A30}.Debug|Any CPU.ActiveCfg = Debug|Any CPU
		{2CA3C4E4-3330-4512-B1B5-56691C6A9A30}.Debug|Any CPU.Build.0 = Debug|Any CPU
		{2CA3C4E4-3330-4512-B1B5-56691C6A9A30}.Release|Any CPU.ActiveCfg = Release|Any CPU
		{2CA3C4E4-3330-4512-B1B5-56691C6A9A30}.Release|Any CPU.Build.0 = Release|Any CPU
		{92440D7B-8C98-48FC-AE48-A678D46DD086}.Debug|Any CPU.ActiveCfg = Debug|Any CPU
		{92440D7B-8C98-48FC-AE48-A678D46DD086}.Debug|Any CPU.Build.0 = Debug|Any CPU
		{92440D7B-8C98-48FC-AE48-A678D46DD086}.Release|Any CPU.ActiveCfg = Release|Any CPU
		{92440D7B-8C98-48FC-AE48-A678D46DD086}.Release|Any CPU.Build.0 = Release|Any CPU
		{A58E960E-F962-4383-912B-1A5BCD5974A3}.Debug|Any CPU.ActiveCfg = Debug|Any CPU
		{A58E960E-F962-4383-912B-1A5BCD5974A3}.Debug|Any CPU.Build.0 = Debug|Any CPU
		{A58E960E-F962-4383-912B-1A5BCD5974A3}.Release|Any CPU.ActiveCfg = Release|Any CPU
		{A58E960E-F962-4383-912B-1A5BCD5974A3}.Release|Any CPU.Build.0 = Release|Any CPU
		{4FD18B5F-F129-4262-856A-963F945807D2}.Debug|Any CPU.ActiveCfg = Debug|Any CPU
		{4FD18B5F-F129-4262-856A-963F945807D2}.Debug|Any CPU.Build.0 = Debug|Any CPU
		{4FD18B5F-F129-4262-856A-963F945807D2}.Release|Any CPU.ActiveCfg = Release|Any CPU
		{4FD18B5F-F129-4262-856A-963F945807D2}.Release|Any CPU.Build.0 = Release|Any CPU
		{45E5DF75-967C-474C-BD5D-BC5998979D23}.Debug|Any CPU.ActiveCfg = Debug|Any CPU
		{45E5DF75-967C-474C-BD5D-BC5998979D23}.Debug|Any CPU.Build.0 = Debug|Any CPU
		{45E5DF75-967C-474C-BD5D-BC5998979D23}.Release|Any CPU.ActiveCfg = Release|Any CPU
		{45E5DF75-967C-474C-BD5D-BC5998979D23}.Release|Any CPU.Build.0 = Release|Any CPU
		{ED567822-2ED9-474C-B9E7-87DA136B027E}.Debug|Any CPU.ActiveCfg = Debug|Any CPU
		{ED567822-2ED9-474C-B9E7-87DA136B027E}.Debug|Any CPU.Build.0 = Debug|Any CPU
		{ED567822-2ED9-474C-B9E7-87DA136B027E}.Release|Any CPU.ActiveCfg = Release|Any CPU
		{ED567822-2ED9-474C-B9E7-87DA136B027E}.Release|Any CPU.Build.0 = Release|Any CPU
		{231405D4-E372-47FE-9311-3BF385CAE74A}.Debug|Any CPU.ActiveCfg = Debug|Any CPU
		{231405D4-E372-47FE-9311-3BF385CAE74A}.Debug|Any CPU.Build.0 = Debug|Any CPU
		{231405D4-E372-47FE-9311-3BF385CAE74A}.Release|Any CPU.ActiveCfg = Release|Any CPU
		{231405D4-E372-47FE-9311-3BF385CAE74A}.Release|Any CPU.Build.0 = Release|Any CPU
	EndGlobalSection
	GlobalSection(SolutionProperties) = preSolution
		HideSolutionNode = FALSE
	EndGlobalSection
	GlobalSection(ExtensibilityGlobals) = postSolution
		SolutionGuid = {E300D7CC-B8E9-4B5E-82A5-424A920BCCFB}
	EndGlobalSection
EndGlobal
